
Microsoft Visual Studio Solution File, Format Version 12.00
# Visual Studio Version 17
VisualStudioVersion = 17.10.35122.118
MinimumVisualStudioVersion = 10.0.40219.1
Project("{FAE04EC0-301F-11D3-BF4B-00C04F79EFBC}") = "FlexiCart.Common", "FlexiCart.Common\FlexiCart.Common.csproj", "{92627405-8011-40E8-912A-92C99CCB148D}"
EndProject
Global
	GlobalSection(SolutionConfigurationPlatforms) = preSolution
		Debug|Any CPU = Debug|Any CPU
		Release|Any CPU = Release|Any CPU
	EndGlobalSection
	GlobalSection(ProjectConfigurationPlatforms) = postSolution
		{92627405-8011-40E8-912A-92C99CCB148D}.Debug|Any CPU.ActiveCfg = Debug|Any CPU
		{92627405-8011-40E8-912A-92C99CCB148D}.Debug|Any CPU.Build.0 = Debug|Any CPU
		{92627405-8011-40E8-912A-92C99CCB148D}.Release|Any CPU.ActiveCfg = Release|Any CPU
		{92627405-8011-40E8-912A-92C99CCB148D}.Release|Any CPU.Build.0 = Release|Any CPU
	EndGlobalSection
	GlobalSection(SolutionProperties) = preSolution
		HideSolutionNode = FALSE
	EndGlobalSection
	GlobalSection(ExtensibilityGlobals) = postSolution
		SolutionGuid = {6C4F1CF6-8ABA-4280-9581-366DD240B413}
	EndGlobalSection
EndGlobal
